# THIS IS AN AUTOGENERATED FILE. DO NOT EDIT THIS FILE DIRECTLY.
# yarn lockfile v1


express-validator@^6.6.0:
  version "6.6.0"
  resolved "https://registry.yarnpkg.com/express-validator/-/express-validator-6.6.0.tgz#46b8327926e9b1752f9823ee0631e534b6ac41e8"
  integrity sha512-xcephfzFbUssJph/nOSKIdx+I+8GRz5by/8rOIKL6gJikKKKJjnwYH5TG1nIDB6kEalUtZMbOFuSNOp/HHY84Q==
  dependencies:
    lodash "^4.17.15"
    validator "^13.1.1"

lodash@^4.17.15:
  version "4.17.19"
  resolved "https://registry.yarnpkg.com/lodash/-/lodash-4.17.19.tgz#e48ddedbe30b3321783c5b4301fbd353bc1e4a4b"
  integrity sha512-JNvd8XER9GQX0v2qJgsaN/mzFCNA5BRe/j8JN9d+tWyGLSodKQHKFicdwNYzWwI3wjRnaKPsGj1XkBjx/F96DQ==

validator@^13.1.1:
  version "13.1.1"
  resolved "https://registry.yarnpkg.com/validator/-/validator-13.1.1.tgz#f8811368473d2173a9d8611572b58c5783f223bf"
  integrity sha512-8GfPiwzzRoWTg7OV1zva1KvrSemuMkv07MA9TTl91hfhe+wKrsrgVN4H2QSFd/U/FhiU3iWPYVgvbsOGwhyFWw==
